
Microsoft Visual Studio Solution File, Format Version 12.00
# Visual Studio Version 17
VisualStudioVersion = 17.3.32811.315
MinimumVisualStudioVersion = 10.0.40219.1
Project("{FAE04EC0-301F-11D3-BF4B-00C04F79EFBC}") = "ConsoleApp1", "ConsoleApp1\ConsoleApp1.csproj", "{87470F84-9CDB-419E-A120-B75B80C6AB5D}"
EndProject
Global
	GlobalSection(SolutionConfigurationPlatforms) = preSolution
		Debug|Any CPU = Debug|Any CPU
		Release|Any CPU = Release|Any CPU
	EndGlobalSection
	GlobalSection(ProjectConfigurationPlatforms) = postSolution
		{87470F84-9CDB-419E-A120-B75B80C6AB5D}.Debug|Any CPU.ActiveCfg = Debug|Any CPU
		{87470F84-9CDB-419E-A120-B75B80C6AB5D}.Debug|Any CPU.Build.0 = Debug|Any CPU
		{87470F84-9CDB-419E-A120-B75B80C6AB5D}.Release|Any CPU.ActiveCfg = Release|Any CPU
		{87470F84-9CDB-419E-A120-B75B80C6AB5D}.Release|Any CPU.Build.0 = Release|Any CPU
	EndGlobalSection
	GlobalSection(SolutionProperties) = preSolution
		HideSolutionNode = FALSE
	EndGlobalSection
	GlobalSection(ExtensibilityGlobals) = postSolution
		SolutionGuid = {735EA67B-E453-41B7-A260-429C804E41CF}
	EndGlobalSection
EndGlobal
